<?xml version="1.0" encoding="utf-8"?>
<Project ToolsVersion="4.0" xmlns="http://schemas.microsoft.com/developer/msbuild/2003">
  <ItemGroup>
    <Filter Include="Исходные файлы">
      <UniqueIdentifier>{4FC737F1-C7A5-4376-A066-2A32D752A2FF}</UniqueIdentifier>
      <Extensions>cpp;c;cc;cxx;c++;cppm;ixx;def;odl;idl;hpj;bat;asm;asmx</Extensions>
    </Filter>
    <Filter Include="Файлы заголовков">
      <UniqueIdentifier>{93995380-89BD-4b04-88EB-625FBE52EBFB}</UniqueIdentifier>
      <Extensions>h;hh;hpp;hxx;h++;hm;inl;inc;ipp;xsd</Extensions>
    </Filter>
    <Filter Include="Файлы ресурсов">
      <UniqueIdentifier>{67DA6AB6-F800-4c08-8B7A-83BB121AAD01}</UniqueIdentifier>
      <Extensions>rc;ico;cur;bmp;dlg;rc2;rct;bin;rgs;gif;jpg;jpeg;jpe;resx;tiff;tif;png;wav;mfcribbon-ms</Extensions>
    </Filter>
    <Filter Include="Файлы заголовков\Euler">
      <UniqueIdentifier>{80b136c9-9dfc-4cdb-abe9-e66593b4a6fd}</UniqueIdentifier>
    </Filter>
    <Filter Include="Исходные файлы\Euler">
      <UniqueIdentifier>{2dafdd25-d659-4134-b0f6-b65f348f828b}</UniqueIdentifier>
    </Filter>
  </ItemGroup>
  <ItemGroup>
    <ClCompile Include="SuperSonicFlowModeling1D.cpp">
      <Filter>Исходные файлы</Filter>
    </ClCompile>
    <ClCompile Include="EquationBase.cpp">
      <Filter>Исходные файлы</Filter>
    </ClCompile>
    <ClCompile Include="ConvectionEquation.cpp">
      <Filter>Исходные файлы</Filter>
    </ClCompile>
    <ClCompile Include="EulerEquations.cpp">
      <Filter>Исходные файлы\Euler</Filter>
    </ClCompile>
    <ClCompile Include="Funct.cpp">
      <Filter>Исходные файлы\Euler</Filter>
    </ClCompile>
    <ClCompile Include="UnknownProperties.cpp">
      <Filter>Исходные файлы\Euler</Filter>
    </ClCompile>
    <ClCompile Include="Schemes.cpp">
      <Filter>Исходные файлы\Euler</Filter>
    </ClCompile>
  </ItemGroup>
  <ItemGroup>
    <ClInclude Include="ConvectionEquation.h">
      <Filter>Файлы заголовков</Filter>
    </ClInclude>
    <ClInclude Include="EquationBase.h">
      <Filter>Файлы заголовков</Filter>
    </ClInclude>
    <ClInclude Include="EulerEquations.h">
      <Filter>Файлы заголовков\Euler</Filter>
    </ClInclude>
    <ClInclude Include="Funct.h">
      <Filter>Файлы заголовков\Euler</Filter>
    </ClInclude>
    <ClInclude Include="PhysLawsFunct.h">
      <Filter>Файлы заголовков\Euler</Filter>
    </ClInclude>
    <ClInclude Include="MathOperations.h">
      <Filter>Файлы заголовков\Euler</Filter>
    </ClInclude>
    <ClInclude Include="GodunovFunctions.h">
      <Filter>Файлы заголовков\Euler</Filter>
    </ClInclude>
    <ClInclude Include="UnknownsProperties.h">
      <Filter>Файлы заголовков\Euler</Filter>
    </ClInclude>
    <ClInclude Include="Schemes.h">
      <Filter>Файлы заголовков\Euler</Filter>
    </ClInclude>
  </ItemGroup>
</Project>